
Microsoft Visual Studio Solution File, Format Version 11.00
# Visual Studio 2010
Project("{FAE04EC0-301F-11D3-BF4B-00C04F79EFBC}") = "ClubStarterKit.Infrastructure", "ClubStarterKit.Infrastructure\ClubStarterKit.Infrastructure.csproj", "{0D986308-C406-459A-A43C-5B5C92CE01E2}"
EndProject
Project("{FAE04EC0-301F-11D3-BF4B-00C04F79EFBC}") = "ClubStarterKit.Core", "ClubStarterKit.Core\ClubStarterKit.Core.csproj", "{E3787357-9DF8-4470-A931-1688C53EAB2E}"
EndProject
Project("{FAE04EC0-301F-11D3-BF4B-00C04F79EFBC}") = "ClubStarterKit.Tests", "ClubStartKit.Tests\ClubStarterKit.Tests.csproj", "{23F73541-CAB8-4691-8FDB-8053808D1EAA}"
EndProject
Project("{2150E333-8FDC-42A3-9474-1A3956D46DE8}") = "Common", "Common", "{90E19BAE-5A21-4C79-AE19-B162D2279C61}"
	ProjectSection(SolutionItems) = preProject
		CommonAssemblyInfo.cs = CommonAssemblyInfo.cs
	EndProjectSection
EndProject
Project("{FAE04EC0-301F-11D3-BF4B-00C04F79EFBC}") = "ClubStarterKit.Domain", "ClubStarterKit.Domain\ClubStarterKit.Domain.csproj", "{40296B67-0E5C-4DFA-B9B0-1F4D4427C187}"
EndProject
Project("{2150E333-8FDC-42A3-9474-1A3956D46DE8}") = "Core", "Core", "{18290794-79E4-4F85-9DC5-0ACC3C943CEE}"
EndProject
Project("{2150E333-8FDC-42A3-9474-1A3956D46DE8}") = "Data", "Data", "{5C2E5C3E-53BC-43C2-B52F-5F9CA8CA07F3}"
EndProject
Project("{FAE04EC0-301F-11D3-BF4B-00C04F79EFBC}") = "ClubStarterKit.Data.NHibernate", "ClubStarterKit.Data.NHibernate\ClubStarterKit.Data.NHibernate.csproj", "{58E73FBE-45B5-438A-B282-4E5FB806B24A}"
EndProject
Project("{2150E333-8FDC-42A3-9474-1A3956D46DE8}") = "Web", "Web", "{2855414E-71FA-425D-BE9A-AAB9AF9DFC7F}"
EndProject
Project("{2150E333-8FDC-42A3-9474-1A3956D46DE8}") = "Tests", "Tests", "{C1769C82-83C0-4777-9E5D-3E9314B0A99D}"
EndProject
Project("{00000000-0000-0000-0000-000000000000}") = "ClubStarterKit.Web", "ClubStarterKit.Web\ClubStarterKit.Web.csproj", "{E07F85F6-4A4C-4732-A287-DB5197A2D1B9}"
EndProject
Global
	GlobalSection(SolutionConfigurationPlatforms) = preSolution
		Debug|Any CPU = Debug|Any CPU
		Debug|Mixed Platforms = Debug|Mixed Platforms
		Debug|x86 = Debug|x86
		Release|Any CPU = Release|Any CPU
		Release|Mixed Platforms = Release|Mixed Platforms
		Release|x86 = Release|x86
	EndGlobalSection
	GlobalSection(ProjectConfigurationPlatforms) = postSolution
		{0D986308-C406-459A-A43C-5B5C92CE01E2}.Debug|Any CPU.ActiveCfg = Debug|x86
		{0D986308-C406-459A-A43C-5B5C92CE01E2}.Debug|Mixed Platforms.ActiveCfg = Debug|x86
		{0D986308-C406-459A-A43C-5B5C92CE01E2}.Debug|Mixed Platforms.Build.0 = Debug|x86
		{0D986308-C406-459A-A43C-5B5C92CE01E2}.Debug|x86.ActiveCfg = Debug|x86
		{0D986308-C406-459A-A43C-5B5C92CE01E2}.Debug|x86.Build.0 = Debug|x86
		{0D986308-C406-459A-A43C-5B5C92CE01E2}.Release|Any CPU.ActiveCfg = Release|x86
		{0D986308-C406-459A-A43C-5B5C92CE01E2}.Release|Mixed Platforms.ActiveCfg = Release|x86
		{0D986308-C406-459A-A43C-5B5C92CE01E2}.Release|Mixed Platforms.Build.0 = Release|x86
		{0D986308-C406-459A-A43C-5B5C92CE01E2}.Release|x86.ActiveCfg = Release|x86
		{0D986308-C406-459A-A43C-5B5C92CE01E2}.Release|x86.Build.0 = Release|x86
		{E3787357-9DF8-4470-A931-1688C53EAB2E}.Debug|Any CPU.ActiveCfg = Debug|x86
		{E3787357-9DF8-4470-A931-1688C53EAB2E}.Debug|Mixed Platforms.ActiveCfg = Debug|x86
		{E3787357-9DF8-4470-A931-1688C53EAB2E}.Debug|Mixed Platforms.Build.0 = Debug|x86
		{E3787357-9DF8-4470-A931-1688C53EAB2E}.Debug|x86.ActiveCfg = Debug|x86
		{E3787357-9DF8-4470-A931-1688C53EAB2E}.Debug|x86.Build.0 = Debug|x86
		{E3787357-9DF8-4470-A931-1688C53EAB2E}.Release|Any CPU.ActiveCfg = Release|x86
		{E3787357-9DF8-4470-A931-1688C53EAB2E}.Release|Mixed Platforms.ActiveCfg = Release|x86
		{E3787357-9DF8-4470-A931-1688C53EAB2E}.Release|Mixed Platforms.Build.0 = Release|x86
		{E3787357-9DF8-4470-A931-1688C53EAB2E}.Release|x86.ActiveCfg = Release|x86
		{E3787357-9DF8-4470-A931-1688C53EAB2E}.Release|x86.Build.0 = Release|x86
		{23F73541-CAB8-4691-8FDB-8053808D1EAA}.Debug|Any CPU.ActiveCfg = Debug|x86
		{23F73541-CAB8-4691-8FDB-8053808D1EAA}.Debug|Mixed Platforms.ActiveCfg = Debug|x86
		{23F73541-CAB8-4691-8FDB-8053808D1EAA}.Debug|Mixed Platforms.Build.0 = Debug|x86
		{23F73541-CAB8-4691-8FDB-8053808D1EAA}.Debug|x86.ActiveCfg = Debug|x86
		{23F73541-CAB8-4691-8FDB-8053808D1EAA}.Debug|x86.Build.0 = Debug|x86
		{23F73541-CAB8-4691-8FDB-8053808D1EAA}.Release|Any CPU.ActiveCfg = Release|x86
		{23F73541-CAB8-4691-8FDB-8053808D1EAA}.Release|Mixed Platforms.ActiveCfg = Release|x86
		{23F73541-CAB8-4691-8FDB-8053808D1EAA}.Release|Mixed Platforms.Build.0 = Release|x86
		{23F73541-CAB8-4691-8FDB-8053808D1EAA}.Release|x86.ActiveCfg = Release|x86
		{23F73541-CAB8-4691-8FDB-8053808D1EAA}.Release|x86.Build.0 = Release|x86
		{40296B67-0E5C-4DFA-B9B0-1F4D4427C187}.Debug|Any CPU.ActiveCfg = Debug|x86
		{40296B67-0E5C-4DFA-B9B0-1F4D4427C187}.Debug|Mixed Platforms.ActiveCfg = Debug|x86
		{40296B67-0E5C-4DFA-B9B0-1F4D4427C187}.Debug|Mixed Platforms.Build.0 = Debug|x86
		{40296B67-0E5C-4DFA-B9B0-1F4D4427C187}.Debug|x86.ActiveCfg = Debug|x86
		{40296B67-0E5C-4DFA-B9B0-1F4D4427C187}.Debug|x86.Build.0 = Debug|x86
		{40296B67-0E5C-4DFA-B9B0-1F4D4427C187}.Release|Any CPU.ActiveCfg = Release|x86
		{40296B67-0E5C-4DFA-B9B0-1F4D4427C187}.Release|Mixed Platforms.ActiveCfg = Release|x86
		{40296B67-0E5C-4DFA-B9B0-1F4D4427C187}.Release|Mixed Platforms.Build.0 = Release|x86
		{40296B67-0E5C-4DFA-B9B0-1F4D4427C187}.Release|x86.ActiveCfg = Release|x86
		{40296B67-0E5C-4DFA-B9B0-1F4D4427C187}.Release|x86.Build.0 = Release|x86
		{58E73FBE-45B5-438A-B282-4E5FB806B24A}.Debug|Any CPU.ActiveCfg = Debug|x86
		{58E73FBE-45B5-438A-B282-4E5FB806B24A}.Debug|Mixed Platforms.ActiveCfg = Debug|x86
		{58E73FBE-45B5-438A-B282-4E5FB806B24A}.Debug|Mixed Platforms.Build.0 = Debug|x86
		{58E73FBE-45B5-438A-B282-4E5FB806B24A}.Debug|x86.ActiveCfg = Debug|x86
		{58E73FBE-45B5-438A-B282-4E5FB806B24A}.Debug|x86.Build.0 = Debug|x86
		{58E73FBE-45B5-438A-B282-4E5FB806B24A}.Release|Any CPU.ActiveCfg = Release|x86
		{58E73FBE-45B5-438A-B282-4E5FB806B24A}.Release|Mixed Platforms.ActiveCfg = Release|x86
		{58E73FBE-45B5-438A-B282-4E5FB806B24A}.Release|Mixed Platforms.Build.0 = Release|x86
		{58E73FBE-45B5-438A-B282-4E5FB806B24A}.Release|x86.ActiveCfg = Release|x86
		{58E73FBE-45B5-438A-B282-4E5FB806B24A}.Release|x86.Build.0 = Release|x86
		{E07F85F6-4A4C-4732-A287-DB5197A2D1B9}.Debug|Any CPU.ActiveCfg = Debug|Any CPU
		{E07F85F6-4A4C-4732-A287-DB5197A2D1B9}.Debug|Any CPU.Build.0 = Debug|Any CPU
		{E07F85F6-4A4C-4732-A287-DB5197A2D1B9}.Debug|Mixed Platforms.ActiveCfg = Debug|Any CPU
		{E07F85F6-4A4C-4732-A287-DB5197A2D1B9}.Debug|Mixed Platforms.Build.0 = Debug|Any CPU
		{E07F85F6-4A4C-4732-A287-DB5197A2D1B9}.Debug|x86.ActiveCfg = Debug|Any CPU
		{E07F85F6-4A4C-4732-A287-DB5197A2D1B9}.Release|Any CPU.ActiveCfg = Release|Any CPU
		{E07F85F6-4A4C-4732-A287-DB5197A2D1B9}.Release|Any CPU.Build.0 = Release|Any CPU
		{E07F85F6-4A4C-4732-A287-DB5197A2D1B9}.Release|Mixed Platforms.ActiveCfg = Release|Any CPU
		{E07F85F6-4A4C-4732-A287-DB5197A2D1B9}.Release|Mixed Platforms.Build.0 = Release|Any CPU
		{E07F85F6-4A4C-4732-A287-DB5197A2D1B9}.Release|x86.ActiveCfg = Release|Any CPU
	EndGlobalSection
	GlobalSection(SolutionProperties) = preSolution
		HideSolutionNode = FALSE
	EndGlobalSection
	GlobalSection(NestedProjects) = preSolution
		{E3787357-9DF8-4470-A931-1688C53EAB2E} = {18290794-79E4-4F85-9DC5-0ACC3C943CEE}
		{0D986308-C406-459A-A43C-5B5C92CE01E2} = {18290794-79E4-4F85-9DC5-0ACC3C943CEE}
		{23F73541-CAB8-4691-8FDB-8053808D1EAA} = {C1769C82-83C0-4777-9E5D-3E9314B0A99D}
		{40296B67-0E5C-4DFA-B9B0-1F4D4427C187} = {5C2E5C3E-53BC-43C2-B52F-5F9CA8CA07F3}
		{58E73FBE-45B5-438A-B282-4E5FB806B24A} = {5C2E5C3E-53BC-43C2-B52F-5F9CA8CA07F3}
		{E07F85F6-4A4C-4732-A287-DB5197A2D1B9} = {2855414E-71FA-425D-BE9A-AAB9AF9DFC7F}
	EndGlobalSection
EndGlobal
